
Microsoft Visual Studio Solution File, Format Version 12.00
# Visual Studio Version 17
VisualStudioVersion = 17.12.35707.178
MinimumVisualStudioVersion = 10.0.40219.1
Project("{2150E333-8FDC-42A3-9474-1A3956D46DE8}") = "src", "src", "{25C3CE0C-FAE3-412E-8757-42FADE7D1285}"
EndProject
Project("{2150E333-8FDC-42A3-9474-1A3956D46DE8}") = "1.Domain", "1.Domain", "{6D4EE212-17C9-453F-A9BC-D7063718D220}"
EndProject
Project("{2150E333-8FDC-42A3-9474-1A3956D46DE8}") = "2.Infrastructure", "2.Infrastructure", "{7591F750-F4B6-444B-8D18-64600DA01B62}"
EndProject
Project("{2150E333-8FDC-42A3-9474-1A3956D46DE8}") = "3.Endpoints", "3.Endpoints", "{9B66112A-4F48-4222-82E8-51887EC2C2D5}"
EndProject
Project("{2150E333-8FDC-42A3-9474-1A3956D46DE8}") = "Core", "Core", "{7A096F3E-89EC-4630-BEE1-280D58827A3A}"
EndProject
Project("{2150E333-8FDC-42A3-9474-1A3956D46DE8}") = "Services", "Services", "{8B792E97-D1C5-4A90-AAFC-2C79DDD79B03}"
EndProject
Project("{FAE04EC0-301F-11D3-BF4B-00C04F79EFBC}") = "STS.Domain.Core", "src\1.Domain\Core\STS.Domain.Core\STS.Domain.Core.csproj", "{C34746F1-7513-4632-A1BE-3E6BBDF98A04}"
EndProject
Project("{FAE04EC0-301F-11D3-BF4B-00C04F79EFBC}") = "STS.Infrastructure.SqlServer", "src\2.Infrastructure\STS.Infrastructure.SqlServer\STS.Infrastructure.SqlServer.csproj", "{7EEA8F1D-90B9-4EC3-9255-E713BC9ACEC2}"
EndProject
Project("{FAE04EC0-301F-11D3-BF4B-00C04F79EFBC}") = "STS.Infrastructure.Ef.Repositories", "src\2.Infrastructure\STS.Infrastructure.Ef.Repositories\STS.Infrastructure.Ef.Repositories.csproj", "{F3C2AA4C-189C-4F61-A8CC-197C95B79109}"
EndProject
Project("{FAE04EC0-301F-11D3-BF4B-00C04F79EFBC}") = "STS.Endpoints.RazorPages", "src\3.Endpoints\STS.Endpoints.RazorPages\STS.Endpoints.RazorPages.csproj", "{7A53658E-B0CF-4D95-A421-F727A7EBF556}"
EndProject
Project("{2150E333-8FDC-42A3-9474-1A3956D46DE8}") = "0.Framework", "0.Framework", "{0E136A41-13B6-47A3-ADDB-EB56DB833FCB}"
EndProject
Project("{FAE04EC0-301F-11D3-BF4B-00C04F79EFBC}") = "Framework", "src\0.Framework\Framework\Framework.csproj", "{775D6BB6-AA28-4728-AABF-3021D2C8452D}"
EndProject
Project("{FAE04EC0-301F-11D3-BF4B-00C04F79EFBC}") = "STS.Domain.AppService", "src\1.Domain\Services\STS.Domain.AppService\STS.Domain.AppService.csproj", "{0381F5B9-3F60-4870-84EC-572DFC6CA487}"
EndProject
Project("{FAE04EC0-301F-11D3-BF4B-00C04F79EFBC}") = "STS.Domain.Service", "src\1.Domain\Services\STS.Domain.Service\STS.Domain.Service.csproj", "{06F8E39A-61FE-40B0-9B0C-1D8ED09FD38E}"
EndProject
Project("{FAE04EC0-301F-11D3-BF4B-00C04F79EFBC}") = "STS.Infrastructure.Cache.Redis", "src\2.Infrastructure\STS.Infrastructure.Cache.Redis\STS.Infrastructure.Cache.Redis.csproj", "{75FB0ACD-6789-4631-A244-5698F60409C1}"
EndProject
Project("{FAE04EC0-301F-11D3-BF4B-00C04F79EFBC}") = "STS.Infrastructure.Repositories.Dapper", "src\2.Infrastructure\STS.Infrastructure.Repositories.Dapper\STS.Infrastructure.Repositories.Dapper.csproj", "{F0F81840-D0D4-4863-AB5C-6A6E23FB3E05}"
EndProject
Project("{FAE04EC0-301F-11D3-BF4B-00C04F79EFBC}") = "STS.Infrastructure.Sms", "src\2.Infrastructure\STS.Infrastructure.Sms\STS.Infrastructure.Sms\STS.Infrastructure.Sms.csproj", "{5FF52F43-266B-41C8-960C-6508302B77A2}"
EndProject
Global
	GlobalSection(SolutionConfigurationPlatforms) = preSolution
		Debug|Any CPU = Debug|Any CPU
		Release|Any CPU = Release|Any CPU
	EndGlobalSection
	GlobalSection(ProjectConfigurationPlatforms) = postSolution
		{C34746F1-7513-4632-A1BE-3E6BBDF98A04}.Debug|Any CPU.ActiveCfg = Debug|Any CPU
		{C34746F1-7513-4632-A1BE-3E6BBDF98A04}.Debug|Any CPU.Build.0 = Debug|Any CPU
		{C34746F1-7513-4632-A1BE-3E6BBDF98A04}.Release|Any CPU.ActiveCfg = Release|Any CPU
		{C34746F1-7513-4632-A1BE-3E6BBDF98A04}.Release|Any CPU.Build.0 = Release|Any CPU
		{7EEA8F1D-90B9-4EC3-9255-E713BC9ACEC2}.Debug|Any CPU.ActiveCfg = Debug|Any CPU
		{7EEA8F1D-90B9-4EC3-9255-E713BC9ACEC2}.Debug|Any CPU.Build.0 = Debug|Any CPU
		{7EEA8F1D-90B9-4EC3-9255-E713BC9ACEC2}.Release|Any CPU.ActiveCfg = Release|Any CPU
		{7EEA8F1D-90B9-4EC3-9255-E713BC9ACEC2}.Release|Any CPU.Build.0 = Release|Any CPU
		{F3C2AA4C-189C-4F61-A8CC-197C95B79109}.Debug|Any CPU.ActiveCfg = Debug|Any CPU
		{F3C2AA4C-189C-4F61-A8CC-197C95B79109}.Debug|Any CPU.Build.0 = Debug|Any CPU
		{F3C2AA4C-189C-4F61-A8CC-197C95B79109}.Release|Any CPU.ActiveCfg = Release|Any CPU
		{F3C2AA4C-189C-4F61-A8CC-197C95B79109}.Release|Any CPU.Build.0 = Release|Any CPU
		{7A53658E-B0CF-4D95-A421-F727A7EBF556}.Debug|Any CPU.ActiveCfg = Debug|Any CPU
		{7A53658E-B0CF-4D95-A421-F727A7EBF556}.Debug|Any CPU.Build.0 = Debug|Any CPU
		{7A53658E-B0CF-4D95-A421-F727A7EBF556}.Release|Any CPU.ActiveCfg = Release|Any CPU
		{7A53658E-B0CF-4D95-A421-F727A7EBF556}.Release|Any CPU.Build.0 = Release|Any CPU
		{775D6BB6-AA28-4728-AABF-3021D2C8452D}.Debug|Any CPU.ActiveCfg = Debug|Any CPU
		{775D6BB6-AA28-4728-AABF-3021D2C8452D}.Debug|Any CPU.Build.0 = Debug|Any CPU
		{775D6BB6-AA28-4728-AABF-3021D2C8452D}.Release|Any CPU.ActiveCfg = Release|Any CPU
		{775D6BB6-AA28-4728-AABF-3021D2C8452D}.Release|Any CPU.Build.0 = Release|Any CPU
		{0381F5B9-3F60-4870-84EC-572DFC6CA487}.Debug|Any CPU.ActiveCfg = Debug|Any CPU
		{0381F5B9-3F60-4870-84EC-572DFC6CA487}.Debug|Any CPU.Build.0 = Debug|Any CPU
		{0381F5B9-3F60-4870-84EC-572DFC6CA487}.Release|Any CPU.ActiveCfg = Release|Any CPU
		{0381F5B9-3F60-4870-84EC-572DFC6CA487}.Release|Any CPU.Build.0 = Release|Any CPU
		{06F8E39A-61FE-40B0-9B0C-1D8ED09FD38E}.Debug|Any CPU.ActiveCfg = Debug|Any CPU
		{06F8E39A-61FE-40B0-9B0C-1D8ED09FD38E}.Debug|Any CPU.Build.0 = Debug|Any CPU
		{06F8E39A-61FE-40B0-9B0C-1D8ED09FD38E}.Release|Any CPU.ActiveCfg = Release|Any CPU
		{06F8E39A-61FE-40B0-9B0C-1D8ED09FD38E}.Release|Any CPU.Build.0 = Release|Any CPU
		{75FB0ACD-6789-4631-A244-5698F60409C1}.Debug|Any CPU.ActiveCfg = Debug|Any CPU
		{75FB0ACD-6789-4631-A244-5698F60409C1}.Debug|Any CPU.Build.0 = Debug|Any CPU
		{75FB0ACD-6789-4631-A244-5698F60409C1}.Release|Any CPU.ActiveCfg = Release|Any CPU
		{75FB0ACD-6789-4631-A244-5698F60409C1}.Release|Any CPU.Build.0 = Release|Any CPU
		{F0F81840-D0D4-4863-AB5C-6A6E23FB3E05}.Debug|Any CPU.ActiveCfg = Debug|Any CPU
		{F0F81840-D0D4-4863-AB5C-6A6E23FB3E05}.Debug|Any CPU.Build.0 = Debug|Any CPU
		{F0F81840-D0D4-4863-AB5C-6A6E23FB3E05}.Release|Any CPU.ActiveCfg = Release|Any CPU
		{F0F81840-D0D4-4863-AB5C-6A6E23FB3E05}.Release|Any CPU.Build.0 = Release|Any CPU
		{5FF52F43-266B-41C8-960C-6508302B77A2}.Debug|Any CPU.ActiveCfg = Debug|Any CPU
		{5FF52F43-266B-41C8-960C-6508302B77A2}.Debug|Any CPU.Build.0 = Debug|Any CPU
		{5FF52F43-266B-41C8-960C-6508302B77A2}.Release|Any CPU.ActiveCfg = Release|Any CPU
		{5FF52F43-266B-41C8-960C-6508302B77A2}.Release|Any CPU.Build.0 = Release|Any CPU
	EndGlobalSection
	GlobalSection(SolutionProperties) = preSolution
		HideSolutionNode = FALSE
	EndGlobalSection
	GlobalSection(NestedProjects) = preSolution
		{6D4EE212-17C9-453F-A9BC-D7063718D220} = {25C3CE0C-FAE3-412E-8757-42FADE7D1285}
		{7591F750-F4B6-444B-8D18-64600DA01B62} = {25C3CE0C-FAE3-412E-8757-42FADE7D1285}
		{9B66112A-4F48-4222-82E8-51887EC2C2D5} = {25C3CE0C-FAE3-412E-8757-42FADE7D1285}
		{7A096F3E-89EC-4630-BEE1-280D58827A3A} = {6D4EE212-17C9-453F-A9BC-D7063718D220}
		{8B792E97-D1C5-4A90-AAFC-2C79DDD79B03} = {6D4EE212-17C9-453F-A9BC-D7063718D220}
		{C34746F1-7513-4632-A1BE-3E6BBDF98A04} = {7A096F3E-89EC-4630-BEE1-280D58827A3A}
		{7EEA8F1D-90B9-4EC3-9255-E713BC9ACEC2} = {7591F750-F4B6-444B-8D18-64600DA01B62}
		{F3C2AA4C-189C-4F61-A8CC-197C95B79109} = {7591F750-F4B6-444B-8D18-64600DA01B62}
		{7A53658E-B0CF-4D95-A421-F727A7EBF556} = {9B66112A-4F48-4222-82E8-51887EC2C2D5}
		{0E136A41-13B6-47A3-ADDB-EB56DB833FCB} = {25C3CE0C-FAE3-412E-8757-42FADE7D1285}
		{775D6BB6-AA28-4728-AABF-3021D2C8452D} = {0E136A41-13B6-47A3-ADDB-EB56DB833FCB}
		{0381F5B9-3F60-4870-84EC-572DFC6CA487} = {8B792E97-D1C5-4A90-AAFC-2C79DDD79B03}
		{06F8E39A-61FE-40B0-9B0C-1D8ED09FD38E} = {8B792E97-D1C5-4A90-AAFC-2C79DDD79B03}
		{75FB0ACD-6789-4631-A244-5698F60409C1} = {7591F750-F4B6-444B-8D18-64600DA01B62}
		{F0F81840-D0D4-4863-AB5C-6A6E23FB3E05} = {7591F750-F4B6-444B-8D18-64600DA01B62}
		{5FF52F43-266B-41C8-960C-6508302B77A2} = {7591F750-F4B6-444B-8D18-64600DA01B62}
	EndGlobalSection
	GlobalSection(ExtensibilityGlobals) = postSolution
		SolutionGuid = {A841546D-FA92-4D4A-BEC0-4D2F0E0CD9DD}
	EndGlobalSection
EndGlobal
